
Microsoft Visual Studio Solution File, Format Version 12.00
# Visual Studio Version 17
VisualStudioVersion = 17.7.34009.444
MinimumVisualStudioVersion = 10.0.40219.1
Project("{9A19103F-16F7-4668-BE54-9A1E7A4F7556}") = "InternationalBakers", "InternationalBakers\InternationalBakers.csproj", "{1A3A4399-EC8F-451C-8FFE-CFB22C8DFCED}"
EndProject
Project("{00D1A9C2-B5F0-4AF3-8072-F6C62B433612}") = "InternationalBakers.Database", "InternationalBakers.Database\InternationalBakers.Database.sqlproj", "{5F2D2D16-0B9B-4AE7-B876-1BB06634C25E}"
EndProject
Global
	GlobalSection(SolutionConfigurationPlatforms) = preSolution
		Debug|Any CPU = Debug|Any CPU
		Release|Any CPU = Release|Any CPU
	EndGlobalSection
	GlobalSection(ProjectConfigurationPlatforms) = postSolution
		{1A3A4399-EC8F-451C-8FFE-CFB22C8DFCED}.Debug|Any CPU.ActiveCfg = Debug|Any CPU
		{1A3A4399-EC8F-451C-8FFE-CFB22C8DFCED}.Debug|Any CPU.Build.0 = Debug|Any CPU
		{1A3A4399-EC8F-451C-8FFE-CFB22C8DFCED}.Release|Any CPU.ActiveCfg = Release|Any CPU
		{1A3A4399-EC8F-451C-8FFE-CFB22C8DFCED}.Release|Any CPU.Build.0 = Release|Any CPU
		{5F2D2D16-0B9B-4AE7-B876-1BB06634C25E}.Debug|Any CPU.ActiveCfg = Debug|Any CPU
		{5F2D2D16-0B9B-4AE7-B876-1BB06634C25E}.Debug|Any CPU.Build.0 = Debug|Any CPU
		{5F2D2D16-0B9B-4AE7-B876-1BB06634C25E}.Debug|Any CPU.Deploy.0 = Debug|Any CPU
		{5F2D2D16-0B9B-4AE7-B876-1BB06634C25E}.Release|Any CPU.ActiveCfg = Release|Any CPU
		{5F2D2D16-0B9B-4AE7-B876-1BB06634C25E}.Release|Any CPU.Build.0 = Release|Any CPU
		{5F2D2D16-0B9B-4AE7-B876-1BB06634C25E}.Release|Any CPU.Deploy.0 = Release|Any CPU
	EndGlobalSection
	GlobalSection(SolutionProperties) = preSolution
		HideSolutionNode = FALSE
	EndGlobalSection
	GlobalSection(ExtensibilityGlobals) = postSolution
		SolutionGuid = {C14B2D31-0538-4A70-820B-61D04B0E04DE}
	EndGlobalSection
EndGlobal
